
Microsoft Visual Studio Solution File, Format Version 12.00
# Visual Studio Version 17
VisualStudioVersion = 17.6.33723.286
MinimumVisualStudioVersion = 10.0.40219.1
Project("{888888A0-9F3D-457C-B088-3A5042F75D52}") = "TicTacToe", "TicTacToe.pyproj", "{3EB8CA42-3C2C-4479-A478-8CA0852E0D89}"
EndProject
Global
	GlobalSection(SolutionConfigurationPlatforms) = preSolution
		Debug|Any CPU = Debug|Any CPU
		Release|Any CPU = Release|Any CPU
	EndGlobalSection
	GlobalSection(ProjectConfigurationPlatforms) = postSolution
		{3EB8CA42-3C2C-4479-A478-8CA0852E0D89}.Debug|Any CPU.ActiveCfg = Debug|Any CPU
		{3EB8CA42-3C2C-4479-A478-8CA0852E0D89}.Release|Any CPU.ActiveCfg = Release|Any CPU
	EndGlobalSection
	GlobalSection(SolutionProperties) = preSolution
		HideSolutionNode = FALSE
	EndGlobalSection
	GlobalSection(ExtensibilityGlobals) = postSolution
		SolutionGuid = {A5EB12D6-F720-4771-BAA4-794DF8CB9E13}
	EndGlobalSection
EndGlobal
